
Microsoft Visual Studio Solution File, Format Version 12.00
# Visual Studio Version 16
VisualStudioVersion = 16.0.29201.188
MinimumVisualStudioVersion = 10.0.40219.1
Project("{FAE04EC0-301F-11D3-BF4B-00C04F79EFBC}") = "WpfApp1", "WpfApp1.csproj", "{1495C6FD-B0F5-4411-905D-7A0502528525}"
EndProject
Global
	GlobalSection(SolutionConfigurationPlatforms) = preSolution
		Debug|Any CPU = Debug|Any CPU
		Release|Any CPU = Release|Any CPU
	EndGlobalSection
	GlobalSection(ProjectConfigurationPlatforms) = postSolution
		{1495C6FD-B0F5-4411-905D-7A0502528525}.Debug|Any CPU.ActiveCfg = Debug|Any CPU
		{1495C6FD-B0F5-4411-905D-7A0502528525}.Debug|Any CPU.Build.0 = Debug|Any CPU
		{1495C6FD-B0F5-4411-905D-7A0502528525}.Release|Any CPU.ActiveCfg = Release|Any CPU
		{1495C6FD-B0F5-4411-905D-7A0502528525}.Release|Any CPU.Build.0 = Release|Any CPU
	EndGlobalSection
	GlobalSection(SolutionProperties) = preSolution
		HideSolutionNode = FALSE
	EndGlobalSection
	GlobalSection(ExtensibilityGlobals) = postSolution
		SolutionGuid = {C940A9C2-5361-4C92-961F-5EABF0A8AD9B}
	EndGlobalSection
EndGlobal
